
Microsoft Visual Studio Solution File, Format Version 12.00
# Visual Studio Version 17
VisualStudioVersion = 17.14.36212.18 d17.14
MinimumVisualStudioVersion = 10.0.40219.1
Project("{FAE04EC0-301F-11D3-BF4B-00C04F79EFBC}") = "FactorialNumber", "FactorialNumber\FactorialNumber.csproj", "{E596372A-2359-431A-9A86-AB1302A06ABC}"
EndProject
Project("{FAE04EC0-301F-11D3-BF4B-00C04F79EFBC}") = "Factorial.Tests", "Factorial.Tests\Factorial.Tests.csproj", "{4B1C5574-E57A-4F27-A252-9DE9B75FD53D}"
EndProject
Global
	GlobalSection(SolutionConfigurationPlatforms) = preSolution
		Debug|Any CPU = Debug|Any CPU
		Release|Any CPU = Release|Any CPU
	EndGlobalSection
	GlobalSection(ProjectConfigurationPlatforms) = postSolution
		{E596372A-2359-431A-9A86-AB1302A06ABC}.Debug|Any CPU.ActiveCfg = Debug|Any CPU
		{E596372A-2359-431A-9A86-AB1302A06ABC}.Debug|Any CPU.Build.0 = Debug|Any CPU
		{E596372A-2359-431A-9A86-AB1302A06ABC}.Release|Any CPU.ActiveCfg = Release|Any CPU
		{E596372A-2359-431A-9A86-AB1302A06ABC}.Release|Any CPU.Build.0 = Release|Any CPU
		{4B1C5574-E57A-4F27-A252-9DE9B75FD53D}.Debug|Any CPU.ActiveCfg = Debug|Any CPU
		{4B1C5574-E57A-4F27-A252-9DE9B75FD53D}.Debug|Any CPU.Build.0 = Debug|Any CPU
		{4B1C5574-E57A-4F27-A252-9DE9B75FD53D}.Release|Any CPU.ActiveCfg = Release|Any CPU
		{4B1C5574-E57A-4F27-A252-9DE9B75FD53D}.Release|Any CPU.Build.0 = Release|Any CPU
	EndGlobalSection
	GlobalSection(SolutionProperties) = preSolution
		HideSolutionNode = FALSE
	EndGlobalSection
	GlobalSection(ExtensibilityGlobals) = postSolution
		SolutionGuid = {08893ED0-4F54-4216-BC6A-81109C5B1F18}
	EndGlobalSection
EndGlobal
