
Microsoft Visual Studio Solution File, Format Version 12.00
# Visual Studio Version 17
VisualStudioVersion = 17.14.36212.18
MinimumVisualStudioVersion = 10.0.40219.1
Project("{FAE04EC0-301F-11D3-BF4B-00C04F79EFBC}") = "SwapNumber", "SwapNumber\SwapNumber.csproj", "{581443B4-72F6-4DB1-90D3-CFA8C6B01213}"
EndProject
Project("{FAE04EC0-301F-11D3-BF4B-00C04F79EFBC}") = "SwapNo.Tests", "SwapNo.Tests\SwapNo.Tests.csproj", "{7261EAF7-8307-4A19-98A4-2154C68E624A}"
EndProject
Global
	GlobalSection(SolutionConfigurationPlatforms) = preSolution
		Debug|Any CPU = Debug|Any CPU
		Release|Any CPU = Release|Any CPU
	EndGlobalSection
	GlobalSection(ProjectConfigurationPlatforms) = postSolution
		{581443B4-72F6-4DB1-90D3-CFA8C6B01213}.Debug|Any CPU.ActiveCfg = Debug|Any CPU
		{581443B4-72F6-4DB1-90D3-CFA8C6B01213}.Debug|Any CPU.Build.0 = Debug|Any CPU
		{581443B4-72F6-4DB1-90D3-CFA8C6B01213}.Release|Any CPU.ActiveCfg = Release|Any CPU
		{581443B4-72F6-4DB1-90D3-CFA8C6B01213}.Release|Any CPU.Build.0 = Release|Any CPU
		{7261EAF7-8307-4A19-98A4-2154C68E624A}.Debug|Any CPU.ActiveCfg = Debug|Any CPU
		{7261EAF7-8307-4A19-98A4-2154C68E624A}.Debug|Any CPU.Build.0 = Debug|Any CPU
		{7261EAF7-8307-4A19-98A4-2154C68E624A}.Release|Any CPU.ActiveCfg = Release|Any CPU
		{7261EAF7-8307-4A19-98A4-2154C68E624A}.Release|Any CPU.Build.0 = Release|Any CPU
	EndGlobalSection
	GlobalSection(SolutionProperties) = preSolution
		HideSolutionNode = FALSE
	EndGlobalSection
	GlobalSection(ExtensibilityGlobals) = postSolution
		SolutionGuid = {5DD9602F-B78D-4C52-938E-1372046A2BB4}
	EndGlobalSection
EndGlobal
